// !$*UTF8*$!
{
	archiveVersion = 1;
	classes = {
	};
	objectVersion = 50;
	objects = {

/* Begin PBXBuildFile section */
		8B7419A153C92029F3CC52F2 /* Pods_YourStory.framework in Frameworks */ = {isa = PBXBuildFile; fileRef = D6BAE3487472DD86F83C5336 /* Pods_YourStory.framework */; };
		B509AD0223C1B819000E1CE0 /* AppDelegate.swift in Sources */ = {isa = PBXBuildFile; fileRef = B509AD0123C1B819000E1CE0 /* AppDelegate.swift */; };
		B509AD0423C1B819000E1CE0 /* SceneDelegate.swift in Sources */ = {isa = PBXBuildFile; fileRef = B509AD0323C1B819000E1CE0 /* SceneDelegate.swift */; };
		B509AD0623C1B819000E1CE0 /* ViewController.swift in Sources */ = {isa = PBXBuildFile; fileRef = B509AD0523C1B819000E1CE0 /* ViewController.swift */; };
		B509AD0923C1B819000E1CE0 /* Main.storyboard in Resources */ = {isa = PBXBuildFile; fileRef = B509AD0723C1B819000E1CE0 /* Main.storyboard */; };
		B509AD0B23C1B81B000E1CE0 /* Assets.xcassets in Resources */ = {isa = PBXBuildFile; fileRef = B509AD0A23C1B81B000E1CE0 /* Assets.xcassets */; };
		B509AD0E23C1B81B000E1CE0 /* LaunchScreen.storyboard in Resources */ = {isa = PBXBuildFile; fileRef = B509AD0C23C1B81B000E1CE0 /* LaunchScreen.storyboard */; };
/* End PBXBuildFile section */

/* Begin PBXFileReference section */
		86C72A0173A0EDA3A064F0AD /* Pods-YourStory.debug.xcconfig */ = {isa = PBXFileReference; includeInIndex = 1; lastKnownFileType = text.xcconfig; name = "Pods-YourStory.debug.xcconfig"; path = "Target Support Files/Pods-YourStory/Pods-YourStory.debug.xcconfig"; sourceTree = "<group>"; };
		9210389094FD1F2194946B1D /* Pods-YourStory.release.xcconfig */ = {isa = PBXFileReference; includeInIndex = 1; lastKnownFileType = text.xcconfig; name = "Pods-YourStory.release.xcconfig"; path = "Target Support Files/Pods-YourStory/Pods-YourStory.release.xcconfig"; sourceTree = "<group>"; };
		B509ACFE23C1B819000E1CE0 /* YourStory.app */ = {isa = PBXFileReference; explicitFileType = wrapper.application; includeInIndex = 0; path = YourStory.app; sourceTree = BUILT_PRODUCTS_DIR; };
		B509AD0123C1B819000E1CE0 /* AppDelegate.swift */ = {isa = PBXFileReference; lastKnownFileType = sourcecode.swift; path = AppDelegate.swift; sourceTree = "<group>"; };
		B509AD0323C1B819000E1CE0 /* SceneDelegate.swift */ = {isa = PBXFileReference; lastKnownFileType = sourcecode.swift; path = SceneDelegate.swift; sourceTree = "<group>"; };
		B509AD0523C1B819000E1CE0 /* ViewController.swift */ = {isa = PBXFileReference; lastKnownFileType = sourcecode.swift; path = ViewController.swift; sourceTree = "<group>"; };
		B509AD0823C1B819000E1CE0 /* Base */ = {isa = PBXFileReference; lastKnownFileType = file.storyboard; name = Base; path = Base.lproj/Main.storyboard; sourceTree = "<group>"; };
		B509AD0A23C1B81B000E1CE0 /* Assets.xcassets */ = {isa = PBXFileReference; lastKnownFileType = folder.assetcatalog; path = Assets.xcassets; sourceTree = "<group>"; };
		B509AD0D23C1B81B000E1CE0 /* Base */ = {isa = PBXFileReference; lastKnownFileType = file.storyboard; name = Base; path = Base.lproj/LaunchScreen.storyboard; sourceTree = "<group>"; };
		B509AD0F23C1B81B000E1CE0 /* Info.plist */ = {isa = PBXFileReference; lastKnownFileType = text.plist.xml; path = Info.plist; sourceTree = "<group>"; };
		D6BAE3487472DD86F83C5336 /* Pods_YourStory.framework */ = {isa = PBXFileReference; explicitFileType = wrapper.framework; includeInIndex = 0; path = Pods_YourStory.framework; sourceTree = BUILT_PRODUCTS_DIR; };
/* End PBXFileReference section */

/* Begin PBXFrameworksBuildPhase section */
		B509ACFB23C1B819000E1CE0 /* Frameworks */ = {
			isa = PBXFrameworksBuildPhase;
			buildActionMask = 2147483647;
			files = (
				8B7419A153C92029F3CC52F2 /* Pods_YourStory.framework in Frameworks */,
			);
			runOnlyForDeploymentPostprocessing = 0;
		};
/* End PBXFrameworksBuildPhase section */

/* Begin PBXGroup section */
		798FFE192BAD3D7FD29389EB /* Frameworks */ = {
			isa = PBXGroup;
			children = (
				D6BAE3487472DD86F83C5336 /* Pods_YourStory.framework */,
			);
			name = Frameworks;
			sourceTree = "<group>";
		};
		B509ACF523C1B819000E1CE0 = {
			isa = PBXGroup;
			children = (
				B509AD0023C1B819000E1CE0 /* YourStory */,
				B509ACFF23C1B819000E1CE0 /* Products */,
				D6B5F3ECF36E5D5D5449FC0A /* Pods */,
				798FFE192BAD3D7FD29389EB /* Frameworks */,
			);
			sourceTree = "<group>";
		};
		B509ACFF23C1B819000E1CE0 /* Products */ = {
			isa = PBXGroup;
			children = (
				B509ACFE23C1B819000E1CE0 /* YourStory.app */,
			);
			name = Products;
			sourceTree = "<group>";
		};
		B509AD0023C1B819000E1CE0 /* YourStory */ = {
			isa = PBXGroup;
			children = (
				B509AD0123C1B819000E1CE0 /* AppDelegate.swift */,
				B509AD0323C1B819000E1CE0 /* SceneDelegate.swift */,
				B509AD0523C1B819000E1CE0 /* ViewController.swift */,
				B509AD0723C1B819000E1CE0 /* Main.storyboard */,
				B509AD0A23C1B81B000E1CE0 /* Assets.xcassets */,
				B509AD0C23C1B81B000E1CE0 /* LaunchScreen.storyboard */,
				B509AD0F23C1B81B000E1CE0 /* Info.plist */,
			);
			path = YourStory;
			sourceTree = "<group>";
		};
		D6B5F3ECF36E5D5D5449FC0A /* Pods */ = {
			isa = PBXGroup;
			children = (
				86C72A0173A0EDA3A064F0AD /* Pods-YourStory.debug.xcconfig */,
				9210389094FD1F2194946B1D /* Pods-YourStory.release.xcconfig */,
			);
			name = Pods;
			path = Pods;
			sourceTree = "<group>";
		};
/* End PBXGroup section */

/* Begin PBXNativeTarget section */
		B509ACFD23C1B819000E1CE0 /* YourStory */ = {
			isa = PBXNativeTarget;
			buildConfigurationList = B509AD1223C1B81B000E1CE0 /* Build configuration list for PBXNativeTarget "YourStory" */;
			buildPhases = (
				F3FAC95958DE26C3E9CE7895 /* [CP] Check Pods Manifest.lock */,
				B509ACFA23C1B819000E1CE0 /* Sources */,
				B509ACFB23C1B819000E1CE0 /* Frameworks */,
				B509ACFC23C1B819000E1CE0 /* Resources */,
				61A832C94F52DAF21D9BFA9E /* [CP] Embed Pods Frameworks */,
			);
			buildRules = (
			);
			dependencies = (
			);
			name = YourStory;
			productName = YourStory;
			productReference = B509ACFE23C1B819000E1CE0 /* YourStory.app */;
			productType = "com.apple.product-type.application";
		};
/* End PBXNativeTarget section */

/* Begin PBXProject section */
		B509ACF623C1B819000E1CE0 /* Project object */ = {
			isa = PBXProject;
			attributes = {
				LastSwiftUpdateCheck = 1130;
				LastUpgradeCheck = 1130;
				ORGANIZATIONNAME = "Konstantin Meleshko";
				TargetAttributes = {
					B509ACFD23C1B819000E1CE0 = {
						CreatedOnToolsVersion = 11.3;
					};
				};
			};
			buildConfigurationList = B509ACF923C1B819000E1CE0 /* Build configuration list for PBXProject "YourStory" */;
			compatibilityVersion = "Xcode 9.3";
			developmentRegion = en;
			hasScannedForEncodings = 0;
			knownRegions = (
				en,
				Base,
			);
			mainGroup = B509ACF523C1B819000E1CE0;
			productRefGroup = B509ACFF23C1B819000E1CE0 /* Products */;
			projectDirPath = "";
			projectRoot = "";
			targets = (
				B509ACFD23C1B819000E1CE0 /* YourStory */,
			);
		};
/* End PBXProject section */

/* Begin PBXResourcesBuildPhase section */
		B509ACFC23C1B819000E1CE0 /* Resources */ = {
			isa = PBXResourcesBuildPhase;
			buildActionMask = 2147483647;
			files = (
				B509AD0E23C1B81B000E1CE0 /* LaunchScreen.storyboard in Resources */,
				B509AD0B23C1B81B000E1CE0 /* Assets.xcassets in Resources */,
				B509AD0923C1B819000E1CE0 /* Main.storyboard in Resources */,
			);
			runOnlyForDeploymentPostprocessing = 0;
		};
/* End PBXResourcesBuildPhase section */

/* Begin PBXShellScriptBuildPhase section */
		61A832C94F52DAF21D9BFA9E /* [CP] Embed Pods Frameworks */ = {
			isa = PBXShellScriptBuildPhase;
			buildActionMask = 2147483647;
			files = (
			);
			inputFileListPaths = (
				"${PODS_ROOT}/Target Support Files/Pods-YourStory/Pods-YourStory-frameworks-${CONFIGURATION}-input-files.xcfilelist",
			);
			name = "[CP] Embed Pods Frameworks";
			outputFileListPaths = (
				"${PODS_ROOT}/Target Support Files/Pods-YourStory/Pods-YourStory-frameworks-${CONFIGURATION}-output-files.xcfilelist",
			);
			runOnlyForDeploymentPostprocessing = 0;
			shellPath = /bin/sh;
			shellScript = "\"${PODS_ROOT}/Target Support Files/Pods-YourStory/Pods-YourStory-frameworks.sh\"\n";
			showEnvVarsInLog = 0;
		};
		F3FAC95958DE26C3E9CE7895 /* [CP] Check Pods Manifest.lock */ = {
			isa = PBXShellScriptBuildPhase;
			buildActionMask = 2147483647;
			files = (
			);
			inputFileListPaths = (
			);
			inputPaths = (
				"${PODS_PODFILE_DIR_PATH}/Podfile.lock",
				"${PODS_ROOT}/Manifest.lock",
			);
			name = "[CP] Check Pods Manifest.lock";
			outputFileListPaths = (
			);
			outputPaths = (
				"$(DERIVED_FILE_DIR)/Pods-YourStory-checkManifestLockResult.txt",
			);
			runOnlyForDeploymentPostprocessing = 0;
			shellPath = /bin/sh;
			shellScript = "diff \"${PODS_PODFILE_DIR_PATH}/Podfile.lock\" \"${PODS_ROOT}/Manifest.lock\" > /dev/null\nif [ $? != 0 ] ; then\n    # print error to STDERR\n    echo \"error: The sandbox is not in sync with the Podfile.lock. Run 'pod install' or update your CocoaPods installation.\" >&2\n    exit 1\nfi\n# This output is used by Xcode 'outputs' to avoid re-running this script phase.\necho \"SUCCESS\" > \"${SCRIPT_OUTPUT_FILE_0}\"\n";
			showEnvVarsInLog = 0;
		};
/* End PBXShellScriptBuildPhase section */

/* Begin PBXSourcesBuildPhase section */
		B509ACFA23C1B819000E1CE0 /* Sources */ = {
			isa = PBXSourcesBuildPhase;
			buildActionMask = 2147483647;
			files = (
				B509AD0623C1B819000E1CE0 /* ViewController.swift in Sources */,
				B509AD0223C1B819000E1CE0 /* AppDelegate.swift in Sources */,
				B509AD0423C1B819000E1CE0 /* SceneDelegate.swift in Sources */,
			);
			runOnlyForDeploymentPostprocessing = 0;
		};
/* End PBXSourcesBuildPhase section */

/* Begin PBXVariantGroup section */
		B509AD0723C1B819000E1CE0 /* Main.storyboard */ = {
			isa = PBXVariantGroup;
			children = (
				B509AD0823C1B819000E1CE0 /* Base */,
			);
			name = Main.storyboard;
			sourceTree = "<group>";
		};
		B509AD0C23C1B81B000E1CE0 /* LaunchScreen.storyboard */ = {
			isa = PBXVariantGroup;
			children = (
				B509AD0D23C1B81B000E1CE0 /* Base */,
			);
			name = LaunchScreen.storyboard;
			sourceTree = "<group>";
		};
/* End PBXVariantGroup section */

/* Begin XCBuildConfiguration section */
		B509AD1023C1B81B000E1CE0 /* Debug */ = {
			isa = XCBuildConfiguration;
			buildSettings = {
				ALWAYS_SEARCH_USER_PATHS = NO;
				CLANG_ANALYZER_NONNULL = YES;
				CLANG_ANALYZER_NUMBER_OBJECT_CONVERSION = YES_AGGRESSIVE;
				CLANG_CXX_LANGUAGE_STANDARD = "gnu++14";
				CLANG_CXX_LIBRARY = "libc++";
				CLANG_ENABLE_MODULES = YES;
				CLANG_ENABLE_OBJC_ARC = YES;
				CLANG_ENABLE_OBJC_WEAK = YES;
				CLANG_WARN_BLOCK_CAPTURE_AUTORELEASING = YES;
				CLANG_WARN_BOOL_CONVERSION = YES;
				CLANG_WARN_COMMA = YES;
				CLANG_WARN_CONSTANT_CONVERSION = YES;
				CLANG_WARN_DEPRECATED_OBJC_IMPLEMENTATIONS = YES;
				CLANG_WARN_DIRECT_OBJC_ISA_USAGE = YES_ERROR;
				CLANG_WARN_DOCUMENTATION_COMMENTS = YES;
				CLANG_WARN_EMPTY_BODY = YES;
				CLANG_WARN_ENUM_CONVERSION = YES;
				CLANG_WARN_INFINITE_RECURSION = YES;
				CLANG_WARN_INT_CONVERSION = YES;
				CLANG_WARN_NON_LITERAL_NULL_CONVERSION = YES;
				CLANG_WARN_OBJC_IMPLICIT_RETAIN_SELF = YES;
				CLANG_WARN_OBJC_LITERAL_CONVERSION = YES;
				CLANG_WARN_OBJC_ROOT_CLASS = YES_ERROR;
				CLANG_WARN_RANGE_LOOP_ANALYSIS = YES;
				CLANG_WARN_STRICT_PROTOTYPES = YES;
				CLANG_WARN_SUSPICIOUS_MOVE = YES;
				CLANG_WARN_UNGUARDED_AVAILABILITY = YES_AGGRESSIVE;
				CLANG_WARN_UNREACHABLE_CODE = YES;
				CLANG_WARN__DUPLICATE_METHOD_MATCH = YES;
				COPY_PHASE_STRIP = NO;
				DEBUG_INFORMATION_FORMAT = dwarf;
				ENABLE_STRICT_OBJC_MSGSEND = YES;
				ENABLE_TESTABILITY = YES;
				GCC_C_LANGUAGE_STANDARD = gnu11;
				GCC_DYNAMIC_NO_PIC = NO;
				GCC_NO_COMMON_BLOCKS = YES;
				GCC_OPTIMIZATION_LEVEL = 0;
				GCC_PREPROCESSOR_DEFINITIONS = (
					"DEBUG=1",
					"$(inherited)",
				);
				GCC_WARN_64_TO_32_BIT_CONVERSION = YES;
				GCC_WARN_ABOUT_RETURN_TYPE = YES_ERROR;
				GCC_WARN_UNDECLARED_SELECTOR = YES;
				GCC_WARN_UNINITIALIZED_AUTOS = YES_AGGRESSIVE;
				GCC_WARN_UNUSED_FUNCTION = YES;
				GCC_WARN_UNUSED_VARIABLE = YES;
				IPHONEOS_DEPLOYMENT_TARGET = 13.2;
				MTL_ENABLE_DEBUG_INFO = INCLUDE_SOURCE;
				MTL_FAST_MATH = YES;
				ONLY_ACTIVE_ARCH = YES;
				SDKROOT = iphoneos;
				SWIFT_ACTIVE_COMPILATION_CONDITIONS = DEBUG;
				SWIFT_OPTIMIZATION_LEVEL = "-Onone";
			};
			name = Debug;
		};
		B509AD1123C1B81B000E1CE0 /* Release */ = {
			isa = XCBuildConfiguration;
			buildSettings = {
				ALWAYS_SEARCH_USER_PATHS = NO;
				CLANG_ANALYZER_NONNULL = YES;
				CLANG_ANALYZER_NUMBER_OBJECT_CONVERSION = YES_AGGRESSIVE;
				CLANG_CXX_LANGUAGE_STANDARD = "gnu++14";
				CLANG_CXX_LIBRARY = "libc++";
				CLANG_ENABLE_MODULES = YES;
				CLANG_ENABLE_OBJC_ARC = YES;
				CLANG_ENABLE_OBJC_WEAK = YES;
				CLANG_WARN_BLOCK_CAPTURE_AUTORELEASING = YES;
				CLANG_WARN_BOOL_CONVERSION = YES;
				CLANG_WARN_COMMA = YES;
				CLANG_WARN_CONSTANT_CONVERSION = YES;
				CLANG_WARN_DEPRECATED_OBJC_IMPLEMENTATIONS = YES;
				CLANG_WARN_DIRECT_OBJC_ISA_USAGE = YES_ERROR;
				CLANG_WARN_DOCUMENTATION_COMMENTS = YES;
				CLANG_WARN_EMPTY_BODY = YES;
				CLANG_WARN_ENUM_CONVERSION = YES;
				CLANG_WARN_INFINITE_RECURSION = YES;
				CLANG_WARN_INT_CONVERSION = YES;
				CLANG_WARN_NON_LITERAL_NULL_CONVERSION = YES;
				CLANG_WARN_OBJC_IMPLICIT_RETAIN_SELF = YES;
				CLANG_WARN_OBJC_LITERAL_CONVERSION = YES;
				CLANG_WARN_OBJC_ROOT_CLASS = YES_ERROR;
				CLANG_WARN_RANGE_LOOP_ANALYSIS = YES;
				CLANG_WARN_STRICT_PROTOTYPES = YES;
				CLANG_WARN_SUSPICIOUS_MOVE = YES;
				CLANG_WARN_UNGUARDED_AVAILABILITY = YES_AGGRESSIVE;
				CLANG_WARN_UNREACHABLE_CODE = YES;
				CLANG_WARN__DUPLICATE_METHOD_MATCH = YES;
				COPY_PHASE_STRIP = NO;
				DEBUG_INFORMATION_FORMAT = "dwarf-with-dsym";
				ENABLE_NS_ASSERTIONS = NO;
				ENABLE_STRICT_OBJC_MSGSEND = YES;
				GCC_C_LANGUAGE_STANDARD = gnu11;
				GCC_NO_COMMON_BLOCKS = YES;
				GCC_WARN_64_TO_32_BIT_CONVERSION = YES;
				GCC_WARN_ABOUT_RETURN_TYPE = YES_ERROR;
				GCC_WARN_UNDECLARED_SELECTOR = YES;
				GCC_WARN_UNINITIALIZED_AUTOS = YES_AGGRESSIVE;
				GCC_WARN_UNUSED_FUNCTION = YES;
				GCC_WARN_UNUSED_VARIABLE = YES;
				IPHONEOS_DEPLOYMENT_TARGET = 13.2;
				MTL_ENABLE_DEBUG_INFO = NO;
				MTL_FAST_MATH = YES;
				SDKROOT = iphoneos;
				SWIFT_COMPILATION_MODE = wholemodule;
				SWIFT_OPTIMIZATION_LEVEL = "-O";
				VALIDATE_PRODUCT = YES;
			};
			name = Release;
		};
		B509AD1323C1B81B000E1CE0 /* Debug */ = {
			isa = XCBuildConfiguration;
			baseConfigurationReference = 86C72A0173A0EDA3A064F0AD /* Pods-YourStory.debug.xcconfig */;
			buildSettings = {
				ASSETCATALOG_COMPILER_APPICON_NAME = AppIcon;
				CODE_SIGN_STYLE = Automatic;
				INFOPLIST_FILE = YourStory/Info.plist;
				LD_RUNPATH_SEARCH_PATHS = (
					"$(inherited)",
					"@executable_path/Frameworks",
				);
				PRODUCT_BUNDLE_IDENTIFIER = Nervanin.YourStory;
				PRODUCT_NAME = "$(TARGET_NAME)";
				SWIFT_VERSION = 5.0;
				TARGETED_DEVICE_FAMILY = "1,2";
			};
			name = Debug;
		};
		B509AD1423C1B81B000E1CE0 /* Release */ = {
			isa = XCBuildConfiguration;
			baseConfigurationReference = 9210389094FD1F2194946B1D /* Pods-YourStory.release.xcconfig */;
			buildSettings = {
				ASSETCATALOG_COMPILER_APPICON_NAME = AppIcon;
				CODE_SIGN_STYLE = Automatic;
				INFOPLIST_FILE = YourStory/Info.plist;
				LD_RUNPATH_SEARCH_PATHS = (
					"$(inherited)",
					"@executable_path/Frameworks",
				);
				PRODUCT_BUNDLE_IDENTIFIER = Nervanin.YourStory;
				PRODUCT_NAME = "$(TARGET_NAME)";
				SWIFT_VERSION = 5.0;
				TARGETED_DEVICE_FAMILY = "1,2";
			};
			name = Release;
		};
/* End XCBuildConfiguration section */

/* Begin XCConfigurationList section */
		B509ACF923C1B819000E1CE0 /* Build configuration list for PBXProject "YourStory" */ = {
			isa = XCConfigurationList;
			buildConfigurations = (
				B509AD1023C1B81B000E1CE0 /* Debug */,
				B509AD1123C1B81B000E1CE0 /* Release */,
			);
			defaultConfigurationIsVisible = 0;
			defaultConfigurationName = Release;
		};
		B509AD1223C1B81B000E1CE0 /* Build configuration list for PBXNativeTarget "YourStory" */ = {
			isa = XCConfigurationList;
			buildConfigurations = (
				B509AD1323C1B81B000E1CE0 /* Debug */,
				B509AD1423C1B81B000E1CE0 /* Release */,
			);
			defaultConfigurationIsVisible = 0;
			defaultConfigurationName = Release;
		};
/* End XCConfigurationList section */
	};
	rootObject = B509ACF623C1B819000E1CE0 /* Project object */;
}
