// !$*UTF8*$!
{
	archiveVersion = 1;
	classes = {
	};
	objectVersion = 51;
	objects = {

/* Begin PBXBuildFile section */
		B535843023D4C9E3009E6E12 /* AppDelegate.swift in Sources */ = {isa = PBXBuildFile; fileRef = B535842F23D4C9E3009E6E12 /* AppDelegate.swift */; };
		B535843223D4C9E3009E6E12 /* SceneDelegate.swift in Sources */ = {isa = PBXBuildFile; fileRef = B535843123D4C9E3009E6E12 /* SceneDelegate.swift */; };
		B535843623D4C9EA009E6E12 /* Assets.xcassets in Resources */ = {isa = PBXBuildFile; fileRef = B535843523D4C9EA009E6E12 /* Assets.xcassets */; };
		B535843923D4C9EA009E6E12 /* Preview Assets.xcassets in Resources */ = {isa = PBXBuildFile; fileRef = B535843823D4C9EA009E6E12 /* Preview Assets.xcassets */; };
		B535843C23D4C9EA009E6E12 /* LaunchScreen.storyboard in Resources */ = {isa = PBXBuildFile; fileRef = B535843A23D4C9EA009E6E12 /* LaunchScreen.storyboard */; };
		B535844623D4D1FC009E6E12 /* LoginViewController.swift in Sources */ = {isa = PBXBuildFile; fileRef = B535844523D4D1FC009E6E12 /* LoginViewController.swift */; };
		B5A8DF4423DDCF6B00AE91E2 /* LoginContainer.swift in Sources */ = {isa = PBXBuildFile; fileRef = B5A8DF4323DDCF6B00AE91E2 /* LoginContainer.swift */; };
		B5FF5A6923E1DF1400CA8972 /* ContentView.swift in Sources */ = {isa = PBXBuildFile; fileRef = B5FF5A6823E1DF1400CA8972 /* ContentView.swift */; };
		EF163816D6A634E99F55250C /* Pods_YourStory.framework in Frameworks */ = {isa = PBXBuildFile; fileRef = 9D44D9AEAF947C880B2A76CE /* Pods_YourStory.framework */; };
/* End PBXBuildFile section */

/* Begin PBXFileReference section */
		84A246172C99F52B689404D3 /* Pods-YourStory.release.xcconfig */ = {isa = PBXFileReference; includeInIndex = 1; lastKnownFileType = text.xcconfig; name = "Pods-YourStory.release.xcconfig"; path = "Target Support Files/Pods-YourStory/Pods-YourStory.release.xcconfig"; sourceTree = "<group>"; };
		9D44D9AEAF947C880B2A76CE /* Pods_YourStory.framework */ = {isa = PBXFileReference; explicitFileType = wrapper.framework; includeInIndex = 0; path = Pods_YourStory.framework; sourceTree = BUILT_PRODUCTS_DIR; };
		B0E9145255FE56445821AC36 /* Pods-YourStory.debug.xcconfig */ = {isa = PBXFileReference; includeInIndex = 1; lastKnownFileType = text.xcconfig; name = "Pods-YourStory.debug.xcconfig"; path = "Target Support Files/Pods-YourStory/Pods-YourStory.debug.xcconfig"; sourceTree = "<group>"; };
		B535842C23D4C9E3009E6E12 /* YourStory.app */ = {isa = PBXFileReference; explicitFileType = wrapper.application; includeInIndex = 0; path = YourStory.app; sourceTree = BUILT_PRODUCTS_DIR; };
		B535842F23D4C9E3009E6E12 /* AppDelegate.swift */ = {isa = PBXFileReference; lastKnownFileType = sourcecode.swift; path = AppDelegate.swift; sourceTree = "<group>"; };
		B535843123D4C9E3009E6E12 /* SceneDelegate.swift */ = {isa = PBXFileReference; lastKnownFileType = sourcecode.swift; path = SceneDelegate.swift; sourceTree = "<group>"; };
		B535843523D4C9EA009E6E12 /* Assets.xcassets */ = {isa = PBXFileReference; lastKnownFileType = folder.assetcatalog; path = Assets.xcassets; sourceTree = "<group>"; };
		B535843823D4C9EA009E6E12 /* Preview Assets.xcassets */ = {isa = PBXFileReference; lastKnownFileType = folder.assetcatalog; path = "Preview Assets.xcassets"; sourceTree = "<group>"; };
		B535843B23D4C9EA009E6E12 /* Base */ = {isa = PBXFileReference; lastKnownFileType = file.storyboard; name = Base; path = Base.lproj/LaunchScreen.storyboard; sourceTree = "<group>"; };
		B535843D23D4C9EA009E6E12 /* Info.plist */ = {isa = PBXFileReference; lastKnownFileType = text.plist.xml; path = Info.plist; sourceTree = "<group>"; };
		B535844523D4D1FC009E6E12 /* LoginViewController.swift */ = {isa = PBXFileReference; lastKnownFileType = sourcecode.swift; path = LoginViewController.swift; sourceTree = "<group>"; };
		B5A8DF4323DDCF6B00AE91E2 /* LoginContainer.swift */ = {isa = PBXFileReference; lastKnownFileType = sourcecode.swift; path = LoginContainer.swift; sourceTree = "<group>"; };
		B5FF5A6823E1DF1400CA8972 /* ContentView.swift */ = {isa = PBXFileReference; fileEncoding = 4; lastKnownFileType = sourcecode.swift; path = ContentView.swift; sourceTree = "<group>"; };
/* End PBXFileReference section */

/* Begin PBXFrameworksBuildPhase section */
		B535842923D4C9E3009E6E12 /* Frameworks */ = {
			isa = PBXFrameworksBuildPhase;
			buildActionMask = 2147483647;
			files = (
				EF163816D6A634E99F55250C /* Pods_YourStory.framework in Frameworks */,
			);
			runOnlyForDeploymentPostprocessing = 0;
		};
/* End PBXFrameworksBuildPhase section */

/* Begin PBXGroup section */
		280422C4A9BD078664C9B5CD /* Frameworks */ = {
			isa = PBXGroup;
			children = (
				9D44D9AEAF947C880B2A76CE /* Pods_YourStory.framework */,
			);
			name = Frameworks;
			sourceTree = "<group>";
		};
		B535842323D4C9E3009E6E12 = {
			isa = PBXGroup;
			children = (
				B535842E23D4C9E3009E6E12 /* YourStory */,
				B535842D23D4C9E3009E6E12 /* Products */,
				F92BAFB9C7586595ADDA5532 /* Pods */,
				280422C4A9BD078664C9B5CD /* Frameworks */,
			);
			sourceTree = "<group>";
		};
		B535842D23D4C9E3009E6E12 /* Products */ = {
			isa = PBXGroup;
			children = (
				B535842C23D4C9E3009E6E12 /* YourStory.app */,
			);
			name = Products;
			sourceTree = "<group>";
		};
		B535842E23D4C9E3009E6E12 /* YourStory */ = {
			isa = PBXGroup;
			children = (
				B535842F23D4C9E3009E6E12 /* AppDelegate.swift */,
				B535843123D4C9E3009E6E12 /* SceneDelegate.swift */,
				B535844923D89CDA009E6E12 /* LoginScene */,
				B535843523D4C9EA009E6E12 /* Assets.xcassets */,
				B535843A23D4C9EA009E6E12 /* LaunchScreen.storyboard */,
				B535843D23D4C9EA009E6E12 /* Info.plist */,
				B535843723D4C9EA009E6E12 /* Preview Content */,
			);
			path = YourStory;
			sourceTree = "<group>";
		};
		B535843723D4C9EA009E6E12 /* Preview Content */ = {
			isa = PBXGroup;
			children = (
				B535843823D4C9EA009E6E12 /* Preview Assets.xcassets */,
			);
			path = "Preview Content";
			sourceTree = "<group>";
		};
		B535844923D89CDA009E6E12 /* LoginScene */ = {
			isa = PBXGroup;
			children = (
				B5FF5A6823E1DF1400CA8972 /* ContentView.swift */,
				B535844523D4D1FC009E6E12 /* LoginViewController.swift */,
				B5A8DF4223DDCF5300AE91E2 /* VIewComponents */,
			);
			path = LoginScene;
			sourceTree = "<group>";
		};
		B5A8DF4223DDCF5300AE91E2 /* VIewComponents */ = {
			isa = PBXGroup;
			children = (
				B5A8DF4323DDCF6B00AE91E2 /* LoginContainer.swift */,
			);
			path = VIewComponents;
			sourceTree = "<group>";
		};
		F92BAFB9C7586595ADDA5532 /* Pods */ = {
			isa = PBXGroup;
			children = (
				B0E9145255FE56445821AC36 /* Pods-YourStory.debug.xcconfig */,
				84A246172C99F52B689404D3 /* Pods-YourStory.release.xcconfig */,
			);
			path = Pods;
			sourceTree = "<group>";
		};
/* End PBXGroup section */

/* Begin PBXNativeTarget section */
		B535842B23D4C9E3009E6E12 /* YourStory */ = {
			isa = PBXNativeTarget;
			buildConfigurationList = B535844023D4C9EA009E6E12 /* Build configuration list for PBXNativeTarget "YourStory" */;
			buildPhases = (
				BE712A65BBED893D336EB454 /* [CP] Check Pods Manifest.lock */,
				B535842823D4C9E3009E6E12 /* Sources */,
				B535842923D4C9E3009E6E12 /* Frameworks */,
				B535842A23D4C9E3009E6E12 /* Resources */,
				7EC50C34204121465F93B70D /* [CP] Embed Pods Frameworks */,
			);
			buildRules = (
			);
			dependencies = (
			);
			name = YourStory;
			productName = YourStory;
			productReference = B535842C23D4C9E3009E6E12 /* YourStory.app */;
			productType = "com.apple.product-type.application";
		};
/* End PBXNativeTarget section */

/* Begin PBXProject section */
		B535842423D4C9E3009E6E12 /* Project object */ = {
			isa = PBXProject;
			attributes = {
				LastSwiftUpdateCheck = 1130;
				LastUpgradeCheck = 1130;
				ORGANIZATIONNAME = "Konstantin Meleshko";
				TargetAttributes = {
					B535842B23D4C9E3009E6E12 = {
						CreatedOnToolsVersion = 11.3;
					};
				};
			};
			buildConfigurationList = B535842723D4C9E3009E6E12 /* Build configuration list for PBXProject "YourStory" */;
			compatibilityVersion = "Xcode 9.3";
			developmentRegion = en;
			hasScannedForEncodings = 0;
			knownRegions = (
				en,
				Base,
			);
			mainGroup = B535842323D4C9E3009E6E12;
			productRefGroup = B535842D23D4C9E3009E6E12 /* Products */;
			projectDirPath = "";
			projectRoot = "";
			targets = (
				B535842B23D4C9E3009E6E12 /* YourStory */,
			);
		};
/* End PBXProject section */

/* Begin PBXResourcesBuildPhase section */
		B535842A23D4C9E3009E6E12 /* Resources */ = {
			isa = PBXResourcesBuildPhase;
			buildActionMask = 2147483647;
			files = (
				B535843C23D4C9EA009E6E12 /* LaunchScreen.storyboard in Resources */,
				B535843923D4C9EA009E6E12 /* Preview Assets.xcassets in Resources */,
				B535843623D4C9EA009E6E12 /* Assets.xcassets in Resources */,
			);
			runOnlyForDeploymentPostprocessing = 0;
		};
/* End PBXResourcesBuildPhase section */

/* Begin PBXShellScriptBuildPhase section */
		7EC50C34204121465F93B70D /* [CP] Embed Pods Frameworks */ = {
			isa = PBXShellScriptBuildPhase;
			buildActionMask = 2147483647;
			files = (
			);
			inputFileListPaths = (
				"${PODS_ROOT}/Target Support Files/Pods-YourStory/Pods-YourStory-frameworks-${CONFIGURATION}-input-files.xcfilelist",
			);
			name = "[CP] Embed Pods Frameworks";
			outputFileListPaths = (
				"${PODS_ROOT}/Target Support Files/Pods-YourStory/Pods-YourStory-frameworks-${CONFIGURATION}-output-files.xcfilelist",
			);
			runOnlyForDeploymentPostprocessing = 0;
			shellPath = /bin/sh;
			shellScript = "\"${PODS_ROOT}/Target Support Files/Pods-YourStory/Pods-YourStory-frameworks.sh\"\n";
			showEnvVarsInLog = 0;
		};
		BE712A65BBED893D336EB454 /* [CP] Check Pods Manifest.lock */ = {
			isa = PBXShellScriptBuildPhase;
			buildActionMask = 2147483647;
			files = (
			);
			inputFileListPaths = (
			);
			inputPaths = (
				"${PODS_PODFILE_DIR_PATH}/Podfile.lock",
				"${PODS_ROOT}/Manifest.lock",
			);
			name = "[CP] Check Pods Manifest.lock";
			outputFileListPaths = (
			);
			outputPaths = (
				"$(DERIVED_FILE_DIR)/Pods-YourStory-checkManifestLockResult.txt",
			);
			runOnlyForDeploymentPostprocessing = 0;
			shellPath = /bin/sh;
			shellScript = "diff \"${PODS_PODFILE_DIR_PATH}/Podfile.lock\" \"${PODS_ROOT}/Manifest.lock\" > /dev/null\nif [ $? != 0 ] ; then\n    # print error to STDERR\n    echo \"error: The sandbox is not in sync with the Podfile.lock. Run 'pod install' or update your CocoaPods installation.\" >&2\n    exit 1\nfi\n# This output is used by Xcode 'outputs' to avoid re-running this script phase.\necho \"SUCCESS\" > \"${SCRIPT_OUTPUT_FILE_0}\"\n";
			showEnvVarsInLog = 0;
		};
/* End PBXShellScriptBuildPhase section */

/* Begin PBXSourcesBuildPhase section */
		B535842823D4C9E3009E6E12 /* Sources */ = {
			isa = PBXSourcesBuildPhase;
			buildActionMask = 2147483647;
			files = (
				B535843023D4C9E3009E6E12 /* AppDelegate.swift in Sources */,
				B535843223D4C9E3009E6E12 /* SceneDelegate.swift in Sources */,
				B5FF5A6923E1DF1400CA8972 /* ContentView.swift in Sources */,
				B535844623D4D1FC009E6E12 /* LoginViewController.swift in Sources */,
				B5A8DF4423DDCF6B00AE91E2 /* LoginContainer.swift in Sources */,
			);
			runOnlyForDeploymentPostprocessing = 0;
		};
/* End PBXSourcesBuildPhase section */

/* Begin PBXVariantGroup section */
		B535843A23D4C9EA009E6E12 /* LaunchScreen.storyboard */ = {
			isa = PBXVariantGroup;
			children = (
				B535843B23D4C9EA009E6E12 /* Base */,
			);
			name = LaunchScreen.storyboard;
			sourceTree = "<group>";
		};
/* End PBXVariantGroup section */

/* Begin XCBuildConfiguration section */
		B535843E23D4C9EA009E6E12 /* Debug */ = {
			isa = XCBuildConfiguration;
			buildSettings = {
				ALWAYS_SEARCH_USER_PATHS = NO;
				CLANG_ANALYZER_NONNULL = YES;
				CLANG_ANALYZER_NUMBER_OBJECT_CONVERSION = YES_AGGRESSIVE;
				CLANG_CXX_LANGUAGE_STANDARD = "gnu++14";
				CLANG_CXX_LIBRARY = "libc++";
				CLANG_ENABLE_MODULES = YES;
				CLANG_ENABLE_OBJC_ARC = YES;
				CLANG_ENABLE_OBJC_WEAK = YES;
				CLANG_WARN_BLOCK_CAPTURE_AUTORELEASING = YES;
				CLANG_WARN_BOOL_CONVERSION = YES;
				CLANG_WARN_COMMA = YES;
				CLANG_WARN_CONSTANT_CONVERSION = YES;
				CLANG_WARN_DEPRECATED_OBJC_IMPLEMENTATIONS = YES;
				CLANG_WARN_DIRECT_OBJC_ISA_USAGE = YES_ERROR;
				CLANG_WARN_DOCUMENTATION_COMMENTS = YES;
				CLANG_WARN_EMPTY_BODY = YES;
				CLANG_WARN_ENUM_CONVERSION = YES;
				CLANG_WARN_INFINITE_RECURSION = YES;
				CLANG_WARN_INT_CONVERSION = YES;
				CLANG_WARN_NON_LITERAL_NULL_CONVERSION = YES;
				CLANG_WARN_OBJC_IMPLICIT_RETAIN_SELF = YES;
				CLANG_WARN_OBJC_LITERAL_CONVERSION = YES;
				CLANG_WARN_OBJC_ROOT_CLASS = YES_ERROR;
				CLANG_WARN_RANGE_LOOP_ANALYSIS = YES;
				CLANG_WARN_STRICT_PROTOTYPES = YES;
				CLANG_WARN_SUSPICIOUS_MOVE = YES;
				CLANG_WARN_UNGUARDED_AVAILABILITY = YES_AGGRESSIVE;
				CLANG_WARN_UNREACHABLE_CODE = YES;
				CLANG_WARN__DUPLICATE_METHOD_MATCH = YES;
				COPY_PHASE_STRIP = NO;
				DEBUG_INFORMATION_FORMAT = dwarf;
				ENABLE_STRICT_OBJC_MSGSEND = YES;
				ENABLE_TESTABILITY = YES;
				GCC_C_LANGUAGE_STANDARD = gnu11;
				GCC_DYNAMIC_NO_PIC = NO;
				GCC_NO_COMMON_BLOCKS = YES;
				GCC_OPTIMIZATION_LEVEL = 0;
				GCC_PREPROCESSOR_DEFINITIONS = (
					"DEBUG=1",
					"$(inherited)",
				);
				GCC_WARN_64_TO_32_BIT_CONVERSION = YES;
				GCC_WARN_ABOUT_RETURN_TYPE = YES_ERROR;
				GCC_WARN_UNDECLARED_SELECTOR = YES;
				GCC_WARN_UNINITIALIZED_AUTOS = YES_AGGRESSIVE;
				GCC_WARN_UNUSED_FUNCTION = YES;
				GCC_WARN_UNUSED_VARIABLE = YES;
				IPHONEOS_DEPLOYMENT_TARGET = 13.2;
				MTL_ENABLE_DEBUG_INFO = INCLUDE_SOURCE;
				MTL_FAST_MATH = YES;
				ONLY_ACTIVE_ARCH = YES;
				SDKROOT = iphoneos;
				SWIFT_ACTIVE_COMPILATION_CONDITIONS = DEBUG;
				SWIFT_OPTIMIZATION_LEVEL = "-Onone";
			};
			name = Debug;
		};
		B535843F23D4C9EA009E6E12 /* Release */ = {
			isa = XCBuildConfiguration;
			buildSettings = {
				ALWAYS_SEARCH_USER_PATHS = NO;
				CLANG_ANALYZER_NONNULL = YES;
				CLANG_ANALYZER_NUMBER_OBJECT_CONVERSION = YES_AGGRESSIVE;
				CLANG_CXX_LANGUAGE_STANDARD = "gnu++14";
				CLANG_CXX_LIBRARY = "libc++";
				CLANG_ENABLE_MODULES = YES;
				CLANG_ENABLE_OBJC_ARC = YES;
				CLANG_ENABLE_OBJC_WEAK = YES;
				CLANG_WARN_BLOCK_CAPTURE_AUTORELEASING = YES;
				CLANG_WARN_BOOL_CONVERSION = YES;
				CLANG_WARN_COMMA = YES;
				CLANG_WARN_CONSTANT_CONVERSION = YES;
				CLANG_WARN_DEPRECATED_OBJC_IMPLEMENTATIONS = YES;
				CLANG_WARN_DIRECT_OBJC_ISA_USAGE = YES_ERROR;
				CLANG_WARN_DOCUMENTATION_COMMENTS = YES;
				CLANG_WARN_EMPTY_BODY = YES;
				CLANG_WARN_ENUM_CONVERSION = YES;
				CLANG_WARN_INFINITE_RECURSION = YES;
				CLANG_WARN_INT_CONVERSION = YES;
				CLANG_WARN_NON_LITERAL_NULL_CONVERSION = YES;
				CLANG_WARN_OBJC_IMPLICIT_RETAIN_SELF = YES;
				CLANG_WARN_OBJC_LITERAL_CONVERSION = YES;
				CLANG_WARN_OBJC_ROOT_CLASS = YES_ERROR;
				CLANG_WARN_RANGE_LOOP_ANALYSIS = YES;
				CLANG_WARN_STRICT_PROTOTYPES = YES;
				CLANG_WARN_SUSPICIOUS_MOVE = YES;
				CLANG_WARN_UNGUARDED_AVAILABILITY = YES_AGGRESSIVE;
				CLANG_WARN_UNREACHABLE_CODE = YES;
				CLANG_WARN__DUPLICATE_METHOD_MATCH = YES;
				COPY_PHASE_STRIP = NO;
				DEBUG_INFORMATION_FORMAT = "dwarf-with-dsym";
				ENABLE_NS_ASSERTIONS = NO;
				ENABLE_STRICT_OBJC_MSGSEND = YES;
				GCC_C_LANGUAGE_STANDARD = gnu11;
				GCC_NO_COMMON_BLOCKS = YES;
				GCC_WARN_64_TO_32_BIT_CONVERSION = YES;
				GCC_WARN_ABOUT_RETURN_TYPE = YES_ERROR;
				GCC_WARN_UNDECLARED_SELECTOR = YES;
				GCC_WARN_UNINITIALIZED_AUTOS = YES_AGGRESSIVE;
				GCC_WARN_UNUSED_FUNCTION = YES;
				GCC_WARN_UNUSED_VARIABLE = YES;
				IPHONEOS_DEPLOYMENT_TARGET = 13.2;
				MTL_ENABLE_DEBUG_INFO = NO;
				MTL_FAST_MATH = YES;
				SDKROOT = iphoneos;
				SWIFT_COMPILATION_MODE = wholemodule;
				SWIFT_OPTIMIZATION_LEVEL = "-O";
				VALIDATE_PRODUCT = YES;
			};
			name = Release;
		};
		B535844123D4C9EA009E6E12 /* Debug */ = {
			isa = XCBuildConfiguration;
			baseConfigurationReference = B0E9145255FE56445821AC36 /* Pods-YourStory.debug.xcconfig */;
			buildSettings = {
				ASSETCATALOG_COMPILER_APPICON_NAME = AppIcon;
				CODE_SIGN_STYLE = Automatic;
				DEVELOPMENT_ASSET_PATHS = "\"YourStory/Preview Content\"";
				DEVELOPMENT_TEAM = YB3X76G54W;
				ENABLE_PREVIEWS = YES;
				INFOPLIST_FILE = YourStory/Info.plist;
				LD_RUNPATH_SEARCH_PATHS = (
					"$(inherited)",
					"@executable_path/Frameworks",
				);
				PRODUCT_BUNDLE_IDENTIFIER = Nervanin.YourStory;
				PRODUCT_NAME = "$(TARGET_NAME)";
				SWIFT_VERSION = 5.0;
				TARGETED_DEVICE_FAMILY = "1,2";
			};
			name = Debug;
		};
		B535844223D4C9EA009E6E12 /* Release */ = {
			isa = XCBuildConfiguration;
			baseConfigurationReference = 84A246172C99F52B689404D3 /* Pods-YourStory.release.xcconfig */;
			buildSettings = {
				ASSETCATALOG_COMPILER_APPICON_NAME = AppIcon;
				CODE_SIGN_STYLE = Automatic;
				DEVELOPMENT_ASSET_PATHS = "\"YourStory/Preview Content\"";
				DEVELOPMENT_TEAM = YB3X76G54W;
				ENABLE_PREVIEWS = YES;
				INFOPLIST_FILE = YourStory/Info.plist;
				LD_RUNPATH_SEARCH_PATHS = (
					"$(inherited)",
					"@executable_path/Frameworks",
				);
				PRODUCT_BUNDLE_IDENTIFIER = Nervanin.YourStory;
				PRODUCT_NAME = "$(TARGET_NAME)";
				SWIFT_VERSION = 5.0;
				TARGETED_DEVICE_FAMILY = "1,2";
			};
			name = Release;
		};
/* End XCBuildConfiguration section */

/* Begin XCConfigurationList section */
		B535842723D4C9E3009E6E12 /* Build configuration list for PBXProject "YourStory" */ = {
			isa = XCConfigurationList;
			buildConfigurations = (
				B535843E23D4C9EA009E6E12 /* Debug */,
				B535843F23D4C9EA009E6E12 /* Release */,
			);
			defaultConfigurationIsVisible = 0;
			defaultConfigurationName = Release;
		};
		B535844023D4C9EA009E6E12 /* Build configuration list for PBXNativeTarget "YourStory" */ = {
			isa = XCConfigurationList;
			buildConfigurations = (
				B535844123D4C9EA009E6E12 /* Debug */,
				B535844223D4C9EA009E6E12 /* Release */,
			);
			defaultConfigurationIsVisible = 0;
			defaultConfigurationName = Release;
		};
/* End XCConfigurationList section */
	};
	rootObject = B535842423D4C9E3009E6E12 /* Project object */;
}
