// !$*UTF8*$!
{
	archiveVersion = 1;
	classes = {
	};
	objectVersion = 50;
	objects = {

/* Begin PBXBuildFile section */
		B50B0DF6246C4F2900A9BEC5 /* Registration.storyboard in Resources */ = {isa = PBXBuildFile; fileRef = B50B0DF5246C4F2900A9BEC5 /* Registration.storyboard */; };
		B50B0DF8246C51CB00A9BEC5 /* RegistrationViewController.swift in Sources */ = {isa = PBXBuildFile; fileRef = B50B0DF7246C51CB00A9BEC5 /* RegistrationViewController.swift */; };
		B50FC60324046627006B17C1 /* AppDelegate.swift in Sources */ = {isa = PBXBuildFile; fileRef = B50FC60224046627006B17C1 /* AppDelegate.swift */; };
		B50FC60524046627006B17C1 /* SceneDelegate.swift in Sources */ = {isa = PBXBuildFile; fileRef = B50FC60424046627006B17C1 /* SceneDelegate.swift */; };
		B50FC60724046627006B17C1 /* ViewController.swift in Sources */ = {isa = PBXBuildFile; fileRef = B50FC60624046627006B17C1 /* ViewController.swift */; };
		B50FC60A24046628006B17C1 /* Main.storyboard in Resources */ = {isa = PBXBuildFile; fileRef = B50FC60824046627006B17C1 /* Main.storyboard */; };
		B50FC60C24046630006B17C1 /* Assets.xcassets in Resources */ = {isa = PBXBuildFile; fileRef = B50FC60B24046630006B17C1 /* Assets.xcassets */; };
		B50FC60F24046630006B17C1 /* LaunchScreen.storyboard in Resources */ = {isa = PBXBuildFile; fileRef = B50FC60D24046630006B17C1 /* LaunchScreen.storyboard */; };
		B549FB22247AE7EE006FA08A /* RegistrationAssembly.swift in Sources */ = {isa = PBXBuildFile; fileRef = B549FB21247AE7EE006FA08A /* RegistrationAssembly.swift */; };
		B549FB24247AEB64006FA08A /* Restore.storyboard in Resources */ = {isa = PBXBuildFile; fileRef = B549FB23247AEB64006FA08A /* Restore.storyboard */; };
		B5B17473247F13C900231501 /* RestoreViewController.swift in Sources */ = {isa = PBXBuildFile; fileRef = B5B17472247F13C900231501 /* RestoreViewController.swift */; };
		B5B17475247F14AE00231501 /* RestoreAssembly.swift in Sources */ = {isa = PBXBuildFile; fileRef = B5B17474247F14AE00231501 /* RestoreAssembly.swift */; };
/* End PBXBuildFile section */

/* Begin PBXFileReference section */
		B50B0DF5246C4F2900A9BEC5 /* Registration.storyboard */ = {isa = PBXFileReference; lastKnownFileType = file.storyboard; path = Registration.storyboard; sourceTree = "<group>"; };
		B50B0DF7246C51CB00A9BEC5 /* RegistrationViewController.swift */ = {isa = PBXFileReference; lastKnownFileType = sourcecode.swift; path = RegistrationViewController.swift; sourceTree = "<group>"; };
		B50FC5FF24046627006B17C1 /* YourStory.app */ = {isa = PBXFileReference; explicitFileType = wrapper.application; includeInIndex = 0; path = YourStory.app; sourceTree = BUILT_PRODUCTS_DIR; };
		B50FC60224046627006B17C1 /* AppDelegate.swift */ = {isa = PBXFileReference; lastKnownFileType = sourcecode.swift; path = AppDelegate.swift; sourceTree = "<group>"; };
		B50FC60424046627006B17C1 /* SceneDelegate.swift */ = {isa = PBXFileReference; lastKnownFileType = sourcecode.swift; path = SceneDelegate.swift; sourceTree = "<group>"; };
		B50FC60624046627006B17C1 /* ViewController.swift */ = {isa = PBXFileReference; lastKnownFileType = sourcecode.swift; path = ViewController.swift; sourceTree = "<group>"; };
		B50FC60924046627006B17C1 /* Base */ = {isa = PBXFileReference; lastKnownFileType = file.storyboard; name = Base; path = Base.lproj/Main.storyboard; sourceTree = "<group>"; };
		B50FC60B24046630006B17C1 /* Assets.xcassets */ = {isa = PBXFileReference; lastKnownFileType = folder.assetcatalog; path = Assets.xcassets; sourceTree = "<group>"; };
		B50FC60E24046630006B17C1 /* Base */ = {isa = PBXFileReference; lastKnownFileType = file.storyboard; name = Base; path = Base.lproj/LaunchScreen.storyboard; sourceTree = "<group>"; };
		B50FC61024046630006B17C1 /* Info.plist */ = {isa = PBXFileReference; lastKnownFileType = text.plist.xml; path = Info.plist; sourceTree = "<group>"; };
		B549FB21247AE7EE006FA08A /* RegistrationAssembly.swift */ = {isa = PBXFileReference; lastKnownFileType = sourcecode.swift; path = RegistrationAssembly.swift; sourceTree = "<group>"; };
		B549FB23247AEB64006FA08A /* Restore.storyboard */ = {isa = PBXFileReference; lastKnownFileType = file.storyboard; path = Restore.storyboard; sourceTree = "<group>"; };
		B5B17472247F13C900231501 /* RestoreViewController.swift */ = {isa = PBXFileReference; lastKnownFileType = sourcecode.swift; path = RestoreViewController.swift; sourceTree = "<group>"; };
		B5B17474247F14AE00231501 /* RestoreAssembly.swift */ = {isa = PBXFileReference; lastKnownFileType = sourcecode.swift; path = RestoreAssembly.swift; sourceTree = "<group>"; };
/* End PBXFileReference section */

/* Begin PBXFrameworksBuildPhase section */
		B50FC5FC24046627006B17C1 /* Frameworks */ = {
			isa = PBXFrameworksBuildPhase;
			buildActionMask = 2147483647;
			files = (
			);
			runOnlyForDeploymentPostprocessing = 0;
		};
/* End PBXFrameworksBuildPhase section */

/* Begin PBXGroup section */
		B50FC5F624046627006B17C1 = {
			isa = PBXGroup;
			children = (
				B50FC60124046627006B17C1 /* YourStory */,
				B50FC60024046627006B17C1 /* Products */,
			);
			sourceTree = "<group>";
		};
		B50FC60024046627006B17C1 /* Products */ = {
			isa = PBXGroup;
			children = (
				B50FC5FF24046627006B17C1 /* YourStory.app */,
			);
			name = Products;
			sourceTree = "<group>";
		};
		B50FC60124046627006B17C1 /* YourStory */ = {
			isa = PBXGroup;
			children = (
				B50FC60224046627006B17C1 /* AppDelegate.swift */,
				B50FC60424046627006B17C1 /* SceneDelegate.swift */,
				B50FC60624046627006B17C1 /* ViewController.swift */,
				B549FB21247AE7EE006FA08A /* RegistrationAssembly.swift */,
				B5B17474247F14AE00231501 /* RestoreAssembly.swift */,
				B50FC60824046627006B17C1 /* Main.storyboard */,
				B50B0DF5246C4F2900A9BEC5 /* Registration.storyboard */,
				B549FB23247AEB64006FA08A /* Restore.storyboard */,
				B5B17472247F13C900231501 /* RestoreViewController.swift */,
				B50B0DF7246C51CB00A9BEC5 /* RegistrationViewController.swift */,
				B50FC60B24046630006B17C1 /* Assets.xcassets */,
				B50FC60D24046630006B17C1 /* LaunchScreen.storyboard */,
				B50FC61024046630006B17C1 /* Info.plist */,
			);
			path = YourStory;
			sourceTree = "<group>";
		};
/* End PBXGroup section */

/* Begin PBXNativeTarget section */
		B50FC5FE24046627006B17C1 /* YourStory */ = {
			isa = PBXNativeTarget;
			buildConfigurationList = B50FC61324046630006B17C1 /* Build configuration list for PBXNativeTarget "YourStory" */;
			buildPhases = (
				B50FC5FB24046627006B17C1 /* Sources */,
				B50FC5FC24046627006B17C1 /* Frameworks */,
				B50FC5FD24046627006B17C1 /* Resources */,
			);
			buildRules = (
			);
			dependencies = (
			);
			name = YourStory;
			productName = YourStory;
			productReference = B50FC5FF24046627006B17C1 /* YourStory.app */;
			productType = "com.apple.product-type.application";
		};
/* End PBXNativeTarget section */

/* Begin PBXProject section */
		B50FC5F724046627006B17C1 /* Project object */ = {
			isa = PBXProject;
			attributes = {
				LastSwiftUpdateCheck = 1130;
				LastUpgradeCheck = 1130;
				ORGANIZATIONNAME = "Konstantin Meleshko";
				TargetAttributes = {
					B50FC5FE24046627006B17C1 = {
						CreatedOnToolsVersion = 11.3;
					};
				};
			};
			buildConfigurationList = B50FC5FA24046627006B17C1 /* Build configuration list for PBXProject "YourStory" */;
			compatibilityVersion = "Xcode 9.3";
			developmentRegion = en;
			hasScannedForEncodings = 0;
			knownRegions = (
				en,
				Base,
			);
			mainGroup = B50FC5F624046627006B17C1;
			productRefGroup = B50FC60024046627006B17C1 /* Products */;
			projectDirPath = "";
			projectRoot = "";
			targets = (
				B50FC5FE24046627006B17C1 /* YourStory */,
			);
		};
/* End PBXProject section */

/* Begin PBXResourcesBuildPhase section */
		B50FC5FD24046627006B17C1 /* Resources */ = {
			isa = PBXResourcesBuildPhase;
			buildActionMask = 2147483647;
			files = (
				B50FC60F24046630006B17C1 /* LaunchScreen.storyboard in Resources */,
				B50B0DF6246C4F2900A9BEC5 /* Registration.storyboard in Resources */,
				B50FC60C24046630006B17C1 /* Assets.xcassets in Resources */,
				B549FB24247AEB64006FA08A /* Restore.storyboard in Resources */,
				B50FC60A24046628006B17C1 /* Main.storyboard in Resources */,
			);
			runOnlyForDeploymentPostprocessing = 0;
		};
/* End PBXResourcesBuildPhase section */

/* Begin PBXSourcesBuildPhase section */
		B50FC5FB24046627006B17C1 /* Sources */ = {
			isa = PBXSourcesBuildPhase;
			buildActionMask = 2147483647;
			files = (
				B549FB22247AE7EE006FA08A /* RegistrationAssembly.swift in Sources */,
				B5B17473247F13C900231501 /* RestoreViewController.swift in Sources */,
				B50FC60724046627006B17C1 /* ViewController.swift in Sources */,
				B5B17475247F14AE00231501 /* RestoreAssembly.swift in Sources */,
				B50FC60324046627006B17C1 /* AppDelegate.swift in Sources */,
				B50B0DF8246C51CB00A9BEC5 /* RegistrationViewController.swift in Sources */,
				B50FC60524046627006B17C1 /* SceneDelegate.swift in Sources */,
			);
			runOnlyForDeploymentPostprocessing = 0;
		};
/* End PBXSourcesBuildPhase section */

/* Begin PBXVariantGroup section */
		B50FC60824046627006B17C1 /* Main.storyboard */ = {
			isa = PBXVariantGroup;
			children = (
				B50FC60924046627006B17C1 /* Base */,
			);
			name = Main.storyboard;
			sourceTree = "<group>";
		};
		B50FC60D24046630006B17C1 /* LaunchScreen.storyboard */ = {
			isa = PBXVariantGroup;
			children = (
				B50FC60E24046630006B17C1 /* Base */,
			);
			name = LaunchScreen.storyboard;
			sourceTree = "<group>";
		};
/* End PBXVariantGroup section */

/* Begin XCBuildConfiguration section */
		B50FC61124046630006B17C1 /* Debug */ = {
			isa = XCBuildConfiguration;
			buildSettings = {
				ALWAYS_SEARCH_USER_PATHS = NO;
				CLANG_ANALYZER_NONNULL = YES;
				CLANG_ANALYZER_NUMBER_OBJECT_CONVERSION = YES_AGGRESSIVE;
				CLANG_CXX_LANGUAGE_STANDARD = "gnu++14";
				CLANG_CXX_LIBRARY = "libc++";
				CLANG_ENABLE_MODULES = YES;
				CLANG_ENABLE_OBJC_ARC = YES;
				CLANG_ENABLE_OBJC_WEAK = YES;
				CLANG_WARN_BLOCK_CAPTURE_AUTORELEASING = YES;
				CLANG_WARN_BOOL_CONVERSION = YES;
				CLANG_WARN_COMMA = YES;
				CLANG_WARN_CONSTANT_CONVERSION = YES;
				CLANG_WARN_DEPRECATED_OBJC_IMPLEMENTATIONS = YES;
				CLANG_WARN_DIRECT_OBJC_ISA_USAGE = YES_ERROR;
				CLANG_WARN_DOCUMENTATION_COMMENTS = YES;
				CLANG_WARN_EMPTY_BODY = YES;
				CLANG_WARN_ENUM_CONVERSION = YES;
				CLANG_WARN_INFINITE_RECURSION = YES;
				CLANG_WARN_INT_CONVERSION = YES;
				CLANG_WARN_NON_LITERAL_NULL_CONVERSION = YES;
				CLANG_WARN_OBJC_IMPLICIT_RETAIN_SELF = YES;
				CLANG_WARN_OBJC_LITERAL_CONVERSION = YES;
				CLANG_WARN_OBJC_ROOT_CLASS = YES_ERROR;
				CLANG_WARN_RANGE_LOOP_ANALYSIS = YES;
				CLANG_WARN_STRICT_PROTOTYPES = YES;
				CLANG_WARN_SUSPICIOUS_MOVE = YES;
				CLANG_WARN_UNGUARDED_AVAILABILITY = YES_AGGRESSIVE;
				CLANG_WARN_UNREACHABLE_CODE = YES;
				CLANG_WARN__DUPLICATE_METHOD_MATCH = YES;
				COPY_PHASE_STRIP = NO;
				DEBUG_INFORMATION_FORMAT = dwarf;
				ENABLE_STRICT_OBJC_MSGSEND = YES;
				ENABLE_TESTABILITY = YES;
				GCC_C_LANGUAGE_STANDARD = gnu11;
				GCC_DYNAMIC_NO_PIC = NO;
				GCC_NO_COMMON_BLOCKS = YES;
				GCC_OPTIMIZATION_LEVEL = 0;
				GCC_PREPROCESSOR_DEFINITIONS = (
					"DEBUG=1",
					"$(inherited)",
				);
				GCC_WARN_64_TO_32_BIT_CONVERSION = YES;
				GCC_WARN_ABOUT_RETURN_TYPE = YES_ERROR;
				GCC_WARN_UNDECLARED_SELECTOR = YES;
				GCC_WARN_UNINITIALIZED_AUTOS = YES_AGGRESSIVE;
				GCC_WARN_UNUSED_FUNCTION = YES;
				GCC_WARN_UNUSED_VARIABLE = YES;
				IPHONEOS_DEPLOYMENT_TARGET = 13.0;
				MTL_ENABLE_DEBUG_INFO = INCLUDE_SOURCE;
				MTL_FAST_MATH = YES;
				ONLY_ACTIVE_ARCH = YES;
				SDKROOT = iphoneos;
				SWIFT_ACTIVE_COMPILATION_CONDITIONS = DEBUG;
				SWIFT_OPTIMIZATION_LEVEL = "-Onone";
			};
			name = Debug;
		};
		B50FC61224046630006B17C1 /* Release */ = {
			isa = XCBuildConfiguration;
			buildSettings = {
				ALWAYS_SEARCH_USER_PATHS = NO;
				CLANG_ANALYZER_NONNULL = YES;
				CLANG_ANALYZER_NUMBER_OBJECT_CONVERSION = YES_AGGRESSIVE;
				CLANG_CXX_LANGUAGE_STANDARD = "gnu++14";
				CLANG_CXX_LIBRARY = "libc++";
				CLANG_ENABLE_MODULES = YES;
				CLANG_ENABLE_OBJC_ARC = YES;
				CLANG_ENABLE_OBJC_WEAK = YES;
				CLANG_WARN_BLOCK_CAPTURE_AUTORELEASING = YES;
				CLANG_WARN_BOOL_CONVERSION = YES;
				CLANG_WARN_COMMA = YES;
				CLANG_WARN_CONSTANT_CONVERSION = YES;
				CLANG_WARN_DEPRECATED_OBJC_IMPLEMENTATIONS = YES;
				CLANG_WARN_DIRECT_OBJC_ISA_USAGE = YES_ERROR;
				CLANG_WARN_DOCUMENTATION_COMMENTS = YES;
				CLANG_WARN_EMPTY_BODY = YES;
				CLANG_WARN_ENUM_CONVERSION = YES;
				CLANG_WARN_INFINITE_RECURSION = YES;
				CLANG_WARN_INT_CONVERSION = YES;
				CLANG_WARN_NON_LITERAL_NULL_CONVERSION = YES;
				CLANG_WARN_OBJC_IMPLICIT_RETAIN_SELF = YES;
				CLANG_WARN_OBJC_LITERAL_CONVERSION = YES;
				CLANG_WARN_OBJC_ROOT_CLASS = YES_ERROR;
				CLANG_WARN_RANGE_LOOP_ANALYSIS = YES;
				CLANG_WARN_STRICT_PROTOTYPES = YES;
				CLANG_WARN_SUSPICIOUS_MOVE = YES;
				CLANG_WARN_UNGUARDED_AVAILABILITY = YES_AGGRESSIVE;
				CLANG_WARN_UNREACHABLE_CODE = YES;
				CLANG_WARN__DUPLICATE_METHOD_MATCH = YES;
				COPY_PHASE_STRIP = NO;
				DEBUG_INFORMATION_FORMAT = "dwarf-with-dsym";
				ENABLE_NS_ASSERTIONS = NO;
				ENABLE_STRICT_OBJC_MSGSEND = YES;
				GCC_C_LANGUAGE_STANDARD = gnu11;
				GCC_NO_COMMON_BLOCKS = YES;
				GCC_WARN_64_TO_32_BIT_CONVERSION = YES;
				GCC_WARN_ABOUT_RETURN_TYPE = YES_ERROR;
				GCC_WARN_UNDECLARED_SELECTOR = YES;
				GCC_WARN_UNINITIALIZED_AUTOS = YES_AGGRESSIVE;
				GCC_WARN_UNUSED_FUNCTION = YES;
				GCC_WARN_UNUSED_VARIABLE = YES;
				IPHONEOS_DEPLOYMENT_TARGET = 13.0;
				MTL_ENABLE_DEBUG_INFO = NO;
				MTL_FAST_MATH = YES;
				SDKROOT = iphoneos;
				SWIFT_COMPILATION_MODE = wholemodule;
				SWIFT_OPTIMIZATION_LEVEL = "-O";
				VALIDATE_PRODUCT = YES;
			};
			name = Release;
		};
		B50FC61424046630006B17C1 /* Debug */ = {
			isa = XCBuildConfiguration;
			buildSettings = {
				ASSETCATALOG_COMPILER_APPICON_NAME = AppIcon;
				CODE_SIGN_STYLE = Automatic;
				INFOPLIST_FILE = YourStory/Info.plist;
				LD_RUNPATH_SEARCH_PATHS = (
					"$(inherited)",
					"@executable_path/Frameworks",
				);
				PRODUCT_BUNDLE_IDENTIFIER = Nervanin.YourStory;
				PRODUCT_NAME = "$(TARGET_NAME)";
				SWIFT_VERSION = 5.0;
				TARGETED_DEVICE_FAMILY = "1,2";
			};
			name = Debug;
		};
		B50FC61524046630006B17C1 /* Release */ = {
			isa = XCBuildConfiguration;
			buildSettings = {
				ASSETCATALOG_COMPILER_APPICON_NAME = AppIcon;
				CODE_SIGN_STYLE = Automatic;
				INFOPLIST_FILE = YourStory/Info.plist;
				LD_RUNPATH_SEARCH_PATHS = (
					"$(inherited)",
					"@executable_path/Frameworks",
				);
				PRODUCT_BUNDLE_IDENTIFIER = Nervanin.YourStory;
				PRODUCT_NAME = "$(TARGET_NAME)";
				SWIFT_VERSION = 5.0;
				TARGETED_DEVICE_FAMILY = "1,2";
			};
			name = Release;
		};
/* End XCBuildConfiguration section */

/* Begin XCConfigurationList section */
		B50FC5FA24046627006B17C1 /* Build configuration list for PBXProject "YourStory" */ = {
			isa = XCConfigurationList;
			buildConfigurations = (
				B50FC61124046630006B17C1 /* Debug */,
				B50FC61224046630006B17C1 /* Release */,
			);
			defaultConfigurationIsVisible = 0;
			defaultConfigurationName = Release;
		};
		B50FC61324046630006B17C1 /* Build configuration list for PBXNativeTarget "YourStory" */ = {
			isa = XCConfigurationList;
			buildConfigurations = (
				B50FC61424046630006B17C1 /* Debug */,
				B50FC61524046630006B17C1 /* Release */,
			);
			defaultConfigurationIsVisible = 0;
			defaultConfigurationName = Release;
		};
/* End XCConfigurationList section */
	};
	rootObject = B50FC5F724046627006B17C1 /* Project object */;
}
